
Microsoft Visual Studio Solution File, Format Version 12.00
# Visual Studio Version 17
VisualStudioVersion = 17.13.35818.85 d17.13
MinimumVisualStudioVersion = 10.0.40219.1
Project("{FAE04EC0-301F-11D3-BF4B-00C04F79EFBC}") = "NI_USB6008", "NI_USB6008\NI_USB6008.csproj", "{ACE6ED52-35CA-4174-B160-CA9784730651}"
EndProject
Global
	GlobalSection(SolutionConfigurationPlatforms) = preSolution
		Debug|Any CPU = Debug|Any CPU
		Release|Any CPU = Release|Any CPU
	EndGlobalSection
	GlobalSection(ProjectConfigurationPlatforms) = postSolution
		{ACE6ED52-35CA-4174-B160-CA9784730651}.Debug|Any CPU.ActiveCfg = Debug|Any CPU
		{ACE6ED52-35CA-4174-B160-CA9784730651}.Debug|Any CPU.Build.0 = Debug|Any CPU
		{ACE6ED52-35CA-4174-B160-CA9784730651}.Release|Any CPU.ActiveCfg = Release|Any CPU
		{ACE6ED52-35CA-4174-B160-CA9784730651}.Release|Any CPU.Build.0 = Release|Any CPU
	EndGlobalSection
	GlobalSection(SolutionProperties) = preSolution
		HideSolutionNode = FALSE
	EndGlobalSection
	GlobalSection(ExtensibilityGlobals) = postSolution
		SolutionGuid = {1268BC0D-FA2F-4EBE-A7BA-F5804CD9B625}
	EndGlobalSection
EndGlobal
