
Microsoft Visual Studio Solution File, Format Version 12.00
# Visual Studio Version 17
VisualStudioVersion = 17.13.35931.197 d17.13
MinimumVisualStudioVersion = 10.0.40219.1
Project("{FAE04EC0-301F-11D3-BF4B-00C04F79EFBC}") = "SimpleOpcUaServer", "SimpleOpcUaServer.csproj", "{471E5F3E-3E39-4B60-A969-04368733E11C}"
EndProject
Global
	GlobalSection(SolutionConfigurationPlatforms) = preSolution
		Debug|Any CPU = Debug|Any CPU
		Release|Any CPU = Release|Any CPU
	EndGlobalSection
	GlobalSection(ProjectConfigurationPlatforms) = postSolution
		{471E5F3E-3E39-4B60-A969-04368733E11C}.Debug|Any CPU.ActiveCfg = Debug|Any CPU
		{471E5F3E-3E39-4B60-A969-04368733E11C}.Debug|Any CPU.Build.0 = Debug|Any CPU
		{471E5F3E-3E39-4B60-A969-04368733E11C}.Release|Any CPU.ActiveCfg = Release|Any CPU
		{471E5F3E-3E39-4B60-A969-04368733E11C}.Release|Any CPU.Build.0 = Release|Any CPU
	EndGlobalSection
	GlobalSection(SolutionProperties) = preSolution
		HideSolutionNode = FALSE
	EndGlobalSection
	GlobalSection(ExtensibilityGlobals) = postSolution
		SolutionGuid = {D6A6B657-A195-4806-A205-FAC9288B2344}
	EndGlobalSection
EndGlobal
