
Microsoft Visual Studio Solution File, Format Version 12.00
# Visual Studio Version 17
VisualStudioVersion = 17.7.34202.233
MinimumVisualStudioVersion = 10.0.40219.1
Project("{FAE04EC0-301F-11D3-BF4B-00C04F79EFBC}") = "2_MultipleInheritanceByMultipleInterface", "2_MultipleInheritanceByMultipleInterface\2_MultipleInheritanceByMultipleInterface.csproj", "{1D990A38-423D-4B5B-9870-C5E8B5019448}"
EndProject
Global
	GlobalSection(SolutionConfigurationPlatforms) = preSolution
		Debug|Any CPU = Debug|Any CPU
		Release|Any CPU = Release|Any CPU
	EndGlobalSection
	GlobalSection(ProjectConfigurationPlatforms) = postSolution
		{1D990A38-423D-4B5B-9870-C5E8B5019448}.Debug|Any CPU.ActiveCfg = Debug|Any CPU
		{1D990A38-423D-4B5B-9870-C5E8B5019448}.Debug|Any CPU.Build.0 = Debug|Any CPU
		{1D990A38-423D-4B5B-9870-C5E8B5019448}.Release|Any CPU.ActiveCfg = Release|Any CPU
		{1D990A38-423D-4B5B-9870-C5E8B5019448}.Release|Any CPU.Build.0 = Release|Any CPU
	EndGlobalSection
	GlobalSection(SolutionProperties) = preSolution
		HideSolutionNode = FALSE
	EndGlobalSection
	GlobalSection(ExtensibilityGlobals) = postSolution
		SolutionGuid = {624E24AF-7ECE-4AE6-BD3D-9832C4412982}
	EndGlobalSection
EndGlobal
