
Microsoft Visual Studio Solution File, Format Version 12.00
# Visual Studio Version 17
VisualStudioVersion = 17.7.34202.233
MinimumVisualStudioVersion = 10.0.40219.1
Project("{FAE04EC0-301F-11D3-BF4B-00C04F79EFBC}") = "1_dispatcher", "1_dispatcher\1_dispatcher.csproj", "{52618BC6-4E2F-4815-B88B-347AE1D04546}"
EndProject
Global
	GlobalSection(SolutionConfigurationPlatforms) = preSolution
		Debug|Any CPU = Debug|Any CPU
		Release|Any CPU = Release|Any CPU
	EndGlobalSection
	GlobalSection(ProjectConfigurationPlatforms) = postSolution
		{52618BC6-4E2F-4815-B88B-347AE1D04546}.Debug|Any CPU.ActiveCfg = Debug|Any CPU
		{52618BC6-4E2F-4815-B88B-347AE1D04546}.Debug|Any CPU.Build.0 = Debug|Any CPU
		{52618BC6-4E2F-4815-B88B-347AE1D04546}.Release|Any CPU.ActiveCfg = Release|Any CPU
		{52618BC6-4E2F-4815-B88B-347AE1D04546}.Release|Any CPU.Build.0 = Release|Any CPU
	EndGlobalSection
	GlobalSection(SolutionProperties) = preSolution
		HideSolutionNode = FALSE
	EndGlobalSection
	GlobalSection(ExtensibilityGlobals) = postSolution
		SolutionGuid = {0CFB57E7-28B7-444C-8E86-8A5D5E80296B}
	EndGlobalSection
EndGlobal
