
Microsoft Visual Studio Solution File, Format Version 12.00
# Visual Studio Version 17
VisualStudioVersion = 17.13.35931.197 d17.13
MinimumVisualStudioVersion = 10.0.40219.1
Project("{FAE04EC0-301F-11D3-BF4B-00C04F79EFBC}") = "FrameworkConsumer", "FrameworkConsumer\FrameworkConsumer.csproj", "{8638DB7D-AEBF-42BF-9B4C-9B3CCAC526C2}"
EndProject
Project("{FAE04EC0-301F-11D3-BF4B-00C04F79EFBC}") = "SimplePluginFramework", "SimplePluginFramework\SimplePluginFramework.csproj", "{0CE9590A-1BA0-40FB-BF68-DB606F8D3BD0}"
EndProject
Project("{FAE04EC0-301F-11D3-BF4B-00C04F79EFBC}") = "ExamplePlugin", "ExamplePlugin\ExamplePlugin.csproj", "{82E216B9-F01C-4B23-AF1B-23100F7137F8}"
EndProject
Global
	GlobalSection(SolutionConfigurationPlatforms) = preSolution
		Debug|Any CPU = Debug|Any CPU
		Release|Any CPU = Release|Any CPU
	EndGlobalSection
	GlobalSection(ProjectConfigurationPlatforms) = postSolution
		{8638DB7D-AEBF-42BF-9B4C-9B3CCAC526C2}.Debug|Any CPU.ActiveCfg = Debug|Any CPU
		{8638DB7D-AEBF-42BF-9B4C-9B3CCAC526C2}.Debug|Any CPU.Build.0 = Debug|Any CPU
		{8638DB7D-AEBF-42BF-9B4C-9B3CCAC526C2}.Release|Any CPU.ActiveCfg = Release|Any CPU
		{8638DB7D-AEBF-42BF-9B4C-9B3CCAC526C2}.Release|Any CPU.Build.0 = Release|Any CPU
		{0CE9590A-1BA0-40FB-BF68-DB606F8D3BD0}.Debug|Any CPU.ActiveCfg = Debug|Any CPU
		{0CE9590A-1BA0-40FB-BF68-DB606F8D3BD0}.Debug|Any CPU.Build.0 = Debug|Any CPU
		{0CE9590A-1BA0-40FB-BF68-DB606F8D3BD0}.Release|Any CPU.ActiveCfg = Release|Any CPU
		{0CE9590A-1BA0-40FB-BF68-DB606F8D3BD0}.Release|Any CPU.Build.0 = Release|Any CPU
		{82E216B9-F01C-4B23-AF1B-23100F7137F8}.Debug|Any CPU.ActiveCfg = Debug|Any CPU
		{82E216B9-F01C-4B23-AF1B-23100F7137F8}.Debug|Any CPU.Build.0 = Debug|Any CPU
		{82E216B9-F01C-4B23-AF1B-23100F7137F8}.Release|Any CPU.ActiveCfg = Release|Any CPU
		{82E216B9-F01C-4B23-AF1B-23100F7137F8}.Release|Any CPU.Build.0 = Release|Any CPU
	EndGlobalSection
	GlobalSection(SolutionProperties) = preSolution
		HideSolutionNode = FALSE
	EndGlobalSection
	GlobalSection(ExtensibilityGlobals) = postSolution
		SolutionGuid = {8F9B2D4C-F1DD-40ED-9F64-74B1911AF942}
	EndGlobalSection
EndGlobal
