
Microsoft Visual Studio Solution File, Format Version 12.00
# Visual Studio Version 17
VisualStudioVersion = 17.13.35818.85
MinimumVisualStudioVersion = 10.0.40219.1
Project("{FAE04EC0-301F-11D3-BF4B-00C04F79EFBC}") = "genericsMethod", "generics\genericsMethod.csproj", "{EFDC3018-E1BC-401F-997F-CD6AB27C702C}"
EndProject
Project("{FAE04EC0-301F-11D3-BF4B-00C04F79EFBC}") = "genericsClass", "genericsClass\genericsClass.csproj", "{1E113DC6-2115-4394-A033-1529A1EC37C2}"
EndProject
Global
	GlobalSection(SolutionConfigurationPlatforms) = preSolution
		Debug|Any CPU = Debug|Any CPU
		Release|Any CPU = Release|Any CPU
	EndGlobalSection
	GlobalSection(ProjectConfigurationPlatforms) = postSolution
		{EFDC3018-E1BC-401F-997F-CD6AB27C702C}.Debug|Any CPU.ActiveCfg = Debug|Any CPU
		{EFDC3018-E1BC-401F-997F-CD6AB27C702C}.Debug|Any CPU.Build.0 = Debug|Any CPU
		{EFDC3018-E1BC-401F-997F-CD6AB27C702C}.Release|Any CPU.ActiveCfg = Release|Any CPU
		{EFDC3018-E1BC-401F-997F-CD6AB27C702C}.Release|Any CPU.Build.0 = Release|Any CPU
		{1E113DC6-2115-4394-A033-1529A1EC37C2}.Debug|Any CPU.ActiveCfg = Debug|Any CPU
		{1E113DC6-2115-4394-A033-1529A1EC37C2}.Debug|Any CPU.Build.0 = Debug|Any CPU
		{1E113DC6-2115-4394-A033-1529A1EC37C2}.Release|Any CPU.ActiveCfg = Release|Any CPU
		{1E113DC6-2115-4394-A033-1529A1EC37C2}.Release|Any CPU.Build.0 = Release|Any CPU
	EndGlobalSection
	GlobalSection(SolutionProperties) = preSolution
		HideSolutionNode = FALSE
	EndGlobalSection
	GlobalSection(ExtensibilityGlobals) = postSolution
		SolutionGuid = {39546C2E-4BD3-4214-914E-F83B63054834}
	EndGlobalSection
EndGlobal
