
Microsoft Visual Studio Solution File, Format Version 12.00
# Visual Studio Version 17
VisualStudioVersion = 17.13.35818.85
MinimumVisualStudioVersion = 10.0.40219.1
Project("{FAE04EC0-301F-11D3-BF4B-00C04F79EFBC}") = "SOLID_Principles", "SOLID_Principles\SOLID_Principles.csproj", "{B4F22631-637D-4BF4-974D-538C3DDEDD86}"
EndProject
Project("{FAE04EC0-301F-11D3-BF4B-00C04F79EFBC}") = "LiskovSubsitution", "LiskovSubsitution\LiskovSubsitution.csproj", "{5D4EB34D-2AF5-4AAC-B293-A7AD0C01E499}"
EndProject
Project("{FAE04EC0-301F-11D3-BF4B-00C04F79EFBC}") = "SingleResponsibility", "SingleResponsibility\SingleResponsibility.csproj", "{E6D77BEC-42F2-49D6-858C-AD82F17D1CD7}"
EndProject
Project("{FAE04EC0-301F-11D3-BF4B-00C04F79EFBC}") = "OpenClosed", "OpenClosed\OpenClosed.csproj", "{CE7FA34F-E1DA-4A02-A639-9AEE25214405}"
EndProject
Project("{FAE04EC0-301F-11D3-BF4B-00C04F79EFBC}") = "DependencyInversion", "DependencyInversion\DependencyInversion.csproj", "{6FCCBCC4-3931-47E2-96CC-4022696B6C5C}"
EndProject
Project("{FAE04EC0-301F-11D3-BF4B-00C04F79EFBC}") = "InterfaceSegregation", "InterfaceSegregation\InterfaceSegregation.csproj", "{C730899F-266F-489F-9654-965CA512AC31}"
EndProject
Global
	GlobalSection(SolutionConfigurationPlatforms) = preSolution
		Debug|Any CPU = Debug|Any CPU
		Release|Any CPU = Release|Any CPU
	EndGlobalSection
	GlobalSection(ProjectConfigurationPlatforms) = postSolution
		{B4F22631-637D-4BF4-974D-538C3DDEDD86}.Debug|Any CPU.ActiveCfg = Debug|Any CPU
		{B4F22631-637D-4BF4-974D-538C3DDEDD86}.Debug|Any CPU.Build.0 = Debug|Any CPU
		{B4F22631-637D-4BF4-974D-538C3DDEDD86}.Release|Any CPU.ActiveCfg = Release|Any CPU
		{B4F22631-637D-4BF4-974D-538C3DDEDD86}.Release|Any CPU.Build.0 = Release|Any CPU
		{5D4EB34D-2AF5-4AAC-B293-A7AD0C01E499}.Debug|Any CPU.ActiveCfg = Debug|Any CPU
		{5D4EB34D-2AF5-4AAC-B293-A7AD0C01E499}.Debug|Any CPU.Build.0 = Debug|Any CPU
		{5D4EB34D-2AF5-4AAC-B293-A7AD0C01E499}.Release|Any CPU.ActiveCfg = Release|Any CPU
		{5D4EB34D-2AF5-4AAC-B293-A7AD0C01E499}.Release|Any CPU.Build.0 = Release|Any CPU
		{E6D77BEC-42F2-49D6-858C-AD82F17D1CD7}.Debug|Any CPU.ActiveCfg = Debug|Any CPU
		{E6D77BEC-42F2-49D6-858C-AD82F17D1CD7}.Debug|Any CPU.Build.0 = Debug|Any CPU
		{E6D77BEC-42F2-49D6-858C-AD82F17D1CD7}.Release|Any CPU.ActiveCfg = Release|Any CPU
		{E6D77BEC-42F2-49D6-858C-AD82F17D1CD7}.Release|Any CPU.Build.0 = Release|Any CPU
		{CE7FA34F-E1DA-4A02-A639-9AEE25214405}.Debug|Any CPU.ActiveCfg = Debug|Any CPU
		{CE7FA34F-E1DA-4A02-A639-9AEE25214405}.Debug|Any CPU.Build.0 = Debug|Any CPU
		{CE7FA34F-E1DA-4A02-A639-9AEE25214405}.Release|Any CPU.ActiveCfg = Release|Any CPU
		{CE7FA34F-E1DA-4A02-A639-9AEE25214405}.Release|Any CPU.Build.0 = Release|Any CPU
		{6FCCBCC4-3931-47E2-96CC-4022696B6C5C}.Debug|Any CPU.ActiveCfg = Debug|Any CPU
		{6FCCBCC4-3931-47E2-96CC-4022696B6C5C}.Debug|Any CPU.Build.0 = Debug|Any CPU
		{6FCCBCC4-3931-47E2-96CC-4022696B6C5C}.Release|Any CPU.ActiveCfg = Release|Any CPU
		{6FCCBCC4-3931-47E2-96CC-4022696B6C5C}.Release|Any CPU.Build.0 = Release|Any CPU
		{C730899F-266F-489F-9654-965CA512AC31}.Debug|Any CPU.ActiveCfg = Debug|Any CPU
		{C730899F-266F-489F-9654-965CA512AC31}.Debug|Any CPU.Build.0 = Debug|Any CPU
		{C730899F-266F-489F-9654-965CA512AC31}.Release|Any CPU.ActiveCfg = Release|Any CPU
		{C730899F-266F-489F-9654-965CA512AC31}.Release|Any CPU.Build.0 = Release|Any CPU
	EndGlobalSection
	GlobalSection(SolutionProperties) = preSolution
		HideSolutionNode = FALSE
	EndGlobalSection
	GlobalSection(ExtensibilityGlobals) = postSolution
		SolutionGuid = {773F2787-D1D8-4EBA-8E2F-6727FCC9CD7D}
	EndGlobalSection
EndGlobal
