
Microsoft Visual Studio Solution File, Format Version 12.00
# Visual Studio Version 17
VisualStudioVersion = 17.7.34202.233
MinimumVisualStudioVersion = 10.0.40219.1
Project("{FAE04EC0-301F-11D3-BF4B-00C04F79EFBC}") = "1_delegate", "1_delegate\1_delegate.csproj", "{92B94E98-02AD-4AFD-88E5-DBC11C89B546}"
EndProject
Global
	GlobalSection(SolutionConfigurationPlatforms) = preSolution
		Debug|Any CPU = Debug|Any CPU
		Release|Any CPU = Release|Any CPU
	EndGlobalSection
	GlobalSection(ProjectConfigurationPlatforms) = postSolution
		{92B94E98-02AD-4AFD-88E5-DBC11C89B546}.Debug|Any CPU.ActiveCfg = Debug|Any CPU
		{92B94E98-02AD-4AFD-88E5-DBC11C89B546}.Debug|Any CPU.Build.0 = Debug|Any CPU
		{92B94E98-02AD-4AFD-88E5-DBC11C89B546}.Release|Any CPU.ActiveCfg = Release|Any CPU
		{92B94E98-02AD-4AFD-88E5-DBC11C89B546}.Release|Any CPU.Build.0 = Release|Any CPU
	EndGlobalSection
	GlobalSection(SolutionProperties) = preSolution
		HideSolutionNode = FALSE
	EndGlobalSection
	GlobalSection(ExtensibilityGlobals) = postSolution
		SolutionGuid = {A0EC47C3-42AD-4792-9C43-DF4898F3C5ED}
	EndGlobalSection
EndGlobal
