
Microsoft Visual Studio Solution File, Format Version 12.00
# Visual Studio Version 17
VisualStudioVersion = 17.13.35818.85 d17.13
MinimumVisualStudioVersion = 10.0.40219.1
Project("{FAE04EC0-301F-11D3-BF4B-00C04F79EFBC}") = "ValueConverter", "ValueConverter\ValueConverter.csproj", "{A6094A9E-27CB-45E8-993B-6526EC7A73F1}"
EndProject
Global
	GlobalSection(SolutionConfigurationPlatforms) = preSolution
		Debug|Any CPU = Debug|Any CPU
		Release|Any CPU = Release|Any CPU
	EndGlobalSection
	GlobalSection(ProjectConfigurationPlatforms) = postSolution
		{A6094A9E-27CB-45E8-993B-6526EC7A73F1}.Debug|Any CPU.ActiveCfg = Debug|Any CPU
		{A6094A9E-27CB-45E8-993B-6526EC7A73F1}.Debug|Any CPU.Build.0 = Debug|Any CPU
		{A6094A9E-27CB-45E8-993B-6526EC7A73F1}.Release|Any CPU.ActiveCfg = Release|Any CPU
		{A6094A9E-27CB-45E8-993B-6526EC7A73F1}.Release|Any CPU.Build.0 = Release|Any CPU
	EndGlobalSection
	GlobalSection(SolutionProperties) = preSolution
		HideSolutionNode = FALSE
	EndGlobalSection
	GlobalSection(ExtensibilityGlobals) = postSolution
		SolutionGuid = {5FF5B78B-A8D8-4275-9C1D-71B8693B393D}
	EndGlobalSection
EndGlobal
