
Microsoft Visual Studio Solution File, Format Version 12.00
# Visual Studio Version 17
VisualStudioVersion = 17.13.35818.85 d17.13
MinimumVisualStudioVersion = 10.0.40219.1
Project("{FAE04EC0-301F-11D3-BF4B-00C04F79EFBC}") = "FactoryPattern", "FactoryPattern\FactoryPattern.csproj", "{F77B7754-6F42-4E52-9957-35E348697874}"
EndProject
Global
	GlobalSection(SolutionConfigurationPlatforms) = preSolution
		Debug|Any CPU = Debug|Any CPU
		Release|Any CPU = Release|Any CPU
	EndGlobalSection
	GlobalSection(ProjectConfigurationPlatforms) = postSolution
		{F77B7754-6F42-4E52-9957-35E348697874}.Debug|Any CPU.ActiveCfg = Debug|Any CPU
		{F77B7754-6F42-4E52-9957-35E348697874}.Debug|Any CPU.Build.0 = Debug|Any CPU
		{F77B7754-6F42-4E52-9957-35E348697874}.Release|Any CPU.ActiveCfg = Release|Any CPU
		{F77B7754-6F42-4E52-9957-35E348697874}.Release|Any CPU.Build.0 = Release|Any CPU
	EndGlobalSection
	GlobalSection(SolutionProperties) = preSolution
		HideSolutionNode = FALSE
	EndGlobalSection
	GlobalSection(ExtensibilityGlobals) = postSolution
		SolutionGuid = {6D1802D8-701A-42E2-8F2E-DEACBCC22733}
	EndGlobalSection
EndGlobal
